github.com/davecgh/go-spew v1.1.1 h1:vj9j/u1bqnvCEfJOwUhtlOARqs3+rkHYY13jYWTU97c=
github.com/davecgh/go-spew v1.1.1/go.mod h1:J7Y8YcW2NihsgmVo/mv3lAwl/skON4iLHjSsI+c5H38=
github.com/tosone/minimp3 v1.0.2 h1:htFE2EbP7Y4CJ8KGW9c55tKWRpzv9kXkEmCYGxFzVjA=
github.com/tosone/minimp3 v1.0.2/go.mod h1:N6vjknGR7PboMTyJVhe/7RHNQiIc0jWZxFKlSWdfzwc=
